
Microsoft Visual Studio Solution File, Format Version 12.00
# Visual Studio Version 17
VisualStudioVersion = 17.3.32922.545
MinimumVisualStudioVersion = 10.0.40219.1
Project("{FAE04EC0-301F-11D3-BF4B-00C04F79EFBC}") = "CollinsLab2", "CollinsLab2\CollinsLab2.csproj", "{72F4677A-EF9A-484A-9F13-C6BA1A6DD7FD}"
EndProject
Global
	GlobalSection(SolutionConfigurationPlatforms) = preSolution
		Debug|Any CPU = Debug|Any CPU
		Release|Any CPU = Release|Any CPU
	EndGlobalSection
	GlobalSection(ProjectConfigurationPlatforms) = postSolution
		{72F4677A-EF9A-484A-9F13-C6BA1A6DD7FD}.Debug|Any CPU.ActiveCfg = Debug|Any CPU
		{72F4677A-EF9A-484A-9F13-C6BA1A6DD7FD}.Debug|Any CPU.Build.0 = Debug|Any CPU
		{72F4677A-EF9A-484A-9F13-C6BA1A6DD7FD}.Release|Any CPU.ActiveCfg = Release|Any CPU
		{72F4677A-EF9A-484A-9F13-C6BA1A6DD7FD}.Release|Any CPU.Build.0 = Release|Any CPU
	EndGlobalSection
	GlobalSection(SolutionProperties) = preSolution
		HideSolutionNode = FALSE
	EndGlobalSection
	GlobalSection(ExtensibilityGlobals) = postSolution
		SolutionGuid = {F3F06100-15EF-42F6-82FE-E5DE22E32005}
	EndGlobalSection
EndGlobal
